// !$*UTF8*$!
{
	archiveVersion = 1;
	classes = {
	};
	objectVersion = 46;
	objects = {

/* Begin PBXBuildFile section */
		5E66367B21B8DFA100966ADD /* Default-568h@2x.png in Resources */ = {isa = PBXBuildFile; fileRef = 5E66367A21B8DFA000966ADD /* Default-568h@2x.png */; };
		5E66B72B1BEE046300690EE0 /* Card.m in Sources */ = {isa = PBXBuildFile; fileRef = 5E66B72A1BEE046300690EE0 /* Card.m */; };
		5E66B72F1BEE1D4000690EE0 /* Deck.m in Sources */ = {isa = PBXBuildFile; fileRef = 5E66B72E1BEE1D4000690EE0 /* Deck.m */; };
		5E66B7351BEE55CB00690EE0 /* PlayingCardDeck.m in Sources */ = {isa = PBXBuildFile; fileRef = 5E66B7341BEE55CB00690EE0 /* PlayingCardDeck.m */; };
		5E66B7381BEE626100690EE0 /* PlayingCard.m in Sources */ = {isa = PBXBuildFile; fileRef = 5E66B7371BEE626100690EE0 /* PlayingCard.m */; };
		5E66B77A1BEEEC7E00690EE0 /* CardMatchingGame.m in Sources */ = {isa = PBXBuildFile; fileRef = 5E66B7791BEEEC7E00690EE0 /* CardMatchingGame.m */; };
		5E8170FF1BE5F93C0089B32C /* main.m in Sources */ = {isa = PBXBuildFile; fileRef = 5E8170FE1BE5F93C0089B32C /* main.m */; };
		5E8171021BE5F93C0089B32C /* AppDelegate.m in Sources */ = {isa = PBXBuildFile; fileRef = 5E8171011BE5F93C0089B32C /* AppDelegate.m */; };
		5E8171051BE5F93C0089B32C /* ViewController.m in Sources */ = {isa = PBXBuildFile; fileRef = 5E8171041BE5F93C0089B32C /* ViewController.m */; };
		5E8171081BE5F93C0089B32C /* Main.storyboard in Resources */ = {isa = PBXBuildFile; fileRef = 5E8171061BE5F93C0089B32C /* Main.storyboard */; };
		5E81710A1BE5F93C0089B32C /* Assets.xcassets in Resources */ = {isa = PBXBuildFile; fileRef = 5E8171091BE5F93C0089B32C /* Assets.xcassets */; };
		5E81710D1BE5F93C0089B32C /* LaunchScreen.storyboard in Resources */ = {isa = PBXBuildFile; fileRef = 5E81710B1BE5F93C0089B32C /* LaunchScreen.storyboard */; };
		5E8171181BE5F93C0089B32C /* WorkingMemoryTestAppTests.m in Sources */ = {isa = PBXBuildFile; fileRef = 5E8171171BE5F93C0089B32C /* WorkingMemoryTestAppTests.m */; };
		5E8171231BE5F93C0089B32C /* MemoryUITests.m in Sources */ = {isa = PBXBuildFile; fileRef = 5E8171221BE5F93C0089B32C /* MemoryUITests.m */; };
/* End PBXBuildFile section */

/* Begin PBXContainerItemProxy section */
		5E8171141BE5F93C0089B32C /* PBXContainerItemProxy */ = {
			isa = PBXContainerItemProxy;
			containerPortal = 5E8170F21BE5F93C0089B32C /* Project object */;
			proxyType = 1;
			remoteGlobalIDString = 5E8170F91BE5F93C0089B32C;
			remoteInfo = Machismo;
		};
		5E81711F1BE5F93C0089B32C /* PBXContainerItemProxy */ = {
			isa = PBXContainerItemProxy;
			containerPortal = 5E8170F21BE5F93C0089B32C /* Project object */;
			proxyType = 1;
			remoteGlobalIDString = 5E8170F91BE5F93C0089B32C;
			remoteInfo = Machismo;
		};
/* End PBXContainerItemProxy section */

/* Begin PBXFileReference section */
		5E66367A21B8DFA000966ADD /* Default-568h@2x.png */ = {isa = PBXFileReference; lastKnownFileType = image.png; path = "Default-568h@2x.png"; sourceTree = "<group>"; };
		5E66B72A1BEE046300690EE0 /* Card.m */ = {isa = PBXFileReference; fileEncoding = 4; lastKnownFileType = sourcecode.c.objc; path = Card.m; sourceTree = "<group>"; };
		5E66B72C1BEE180700690EE0 /* Card.h */ = {isa = PBXFileReference; fileEncoding = 4; lastKnownFileType = sourcecode.c.h; path = Card.h; sourceTree = "<group>"; };
		5E66B72D1BEE1C3F00690EE0 /* Deck.h */ = {isa = PBXFileReference; fileEncoding = 4; lastKnownFileType = sourcecode.c.h; path = Deck.h; sourceTree = "<group>"; };
		5E66B72E1BEE1D4000690EE0 /* Deck.m */ = {isa = PBXFileReference; fileEncoding = 4; lastKnownFileType = sourcecode.c.objc; path = Deck.m; sourceTree = "<group>"; };
		5E66B7331BEE559F00690EE0 /* PlayingCardDeck.h */ = {isa = PBXFileReference; fileEncoding = 4; lastKnownFileType = sourcecode.c.h; path = PlayingCardDeck.h; sourceTree = "<group>"; };
		5E66B7341BEE55CB00690EE0 /* PlayingCardDeck.m */ = {isa = PBXFileReference; fileEncoding = 4; lastKnownFileType = sourcecode.c.objc; path = PlayingCardDeck.m; sourceTree = "<group>"; };
		5E66B7361BEE621400690EE0 /* PlayingCard.h */ = {isa = PBXFileReference; fileEncoding = 4; lastKnownFileType = sourcecode.c.h; path = PlayingCard.h; sourceTree = "<group>"; };
		5E66B7371BEE626100690EE0 /* PlayingCard.m */ = {isa = PBXFileReference; fileEncoding = 4; lastKnownFileType = sourcecode.c.objc; path = PlayingCard.m; sourceTree = "<group>"; };
		5E66B7791BEEEC7E00690EE0 /* CardMatchingGame.m */ = {isa = PBXFileReference; fileEncoding = 4; lastKnownFileType = sourcecode.c.objc; path = CardMatchingGame.m; sourceTree = "<group>"; };
		5E66B77B1BEEECB400690EE0 /* CardMatchingGame.h */ = {isa = PBXFileReference; fileEncoding = 4; lastKnownFileType = sourcecode.c.h; path = CardMatchingGame.h; sourceTree = "<group>"; };
		5E8170FA1BE5F93C0089B32C /* WorkingMemoryTestApp.app */ = {isa = PBXFileReference; explicitFileType = wrapper.application; includeInIndex = 0; path = WorkingMemoryTestApp.app; sourceTree = BUILT_PRODUCTS_DIR; };
		5E8170FE1BE5F93C0089B32C /* main.m */ = {isa = PBXFileReference; lastKnownFileType = sourcecode.c.objc; path = main.m; sourceTree = "<group>"; };
		5E8171001BE5F93C0089B32C /* AppDelegate.h */ = {isa = PBXFileReference; lastKnownFileType = sourcecode.c.h; path = AppDelegate.h; sourceTree = "<group>"; };
		5E8171011BE5F93C0089B32C /* AppDelegate.m */ = {isa = PBXFileReference; lastKnownFileType = sourcecode.c.objc; path = AppDelegate.m; sourceTree = "<group>"; };
		5E8171031BE5F93C0089B32C /* ViewController.h */ = {isa = PBXFileReference; lastKnownFileType = sourcecode.c.h; path = ViewController.h; sourceTree = "<group>"; };
		5E8171041BE5F93C0089B32C /* ViewController.m */ = {isa = PBXFileReference; lastKnownFileType = sourcecode.c.objc; path = ViewController.m; sourceTree = "<group>"; };
		5E8171071BE5F93C0089B32C /* Base */ = {isa = PBXFileReference; lastKnownFileType = file.storyboard; name = Base; path = Base.lproj/Main.storyboard; sourceTree = "<group>"; };
		5E8171091BE5F93C0089B32C /* Assets.xcassets */ = {isa = PBXFileReference; lastKnownFileType = folder.assetcatalog; path = Assets.xcassets; sourceTree = "<group>"; };
		5E81710C1BE5F93C0089B32C /* Base */ = {isa = PBXFileReference; lastKnownFileType = file.storyboard; name = Base; path = Base.lproj/LaunchScreen.storyboard; sourceTree = "<group>"; };
		5E81710E1BE5F93C0089B32C /* Info.plist */ = {isa = PBXFileReference; lastKnownFileType = text.plist.xml; path = Info.plist; sourceTree = "<group>"; };
		5E8171131BE5F93C0089B32C /* WorkingMemoryTestAppTests.xctest */ = {isa = PBXFileReference; explicitFileType = wrapper.cfbundle; includeInIndex = 0; path = WorkingMemoryTestAppTests.xctest; sourceTree = BUILT_PRODUCTS_DIR; };
		5E8171171BE5F93C0089B32C /* WorkingMemoryTestAppTests.m */ = {isa = PBXFileReference; lastKnownFileType = sourcecode.c.objc; path = WorkingMemoryTestAppTests.m; sourceTree = "<group>"; };
		5E8171191BE5F93C0089B32C /* Info.plist */ = {isa = PBXFileReference; lastKnownFileType = text.plist.xml; path = Info.plist; sourceTree = "<group>"; };
		5E81711E1BE5F93C0089B32C /* WorkingMemoryTestAppUITests.xctest */ = {isa = PBXFileReference; explicitFileType = wrapper.cfbundle; includeInIndex = 0; path = WorkingMemoryTestAppUITests.xctest; sourceTree = BUILT_PRODUCTS_DIR; };
		5E8171221BE5F93C0089B32C /* MemoryUITests.m */ = {isa = PBXFileReference; lastKnownFileType = sourcecode.c.objc; path = MemoryUITests.m; sourceTree = "<group>"; };
		5E8171241BE5F93C0089B32C /* Info.plist */ = {isa = PBXFileReference; lastKnownFileType = text.plist.xml; path = Info.plist; sourceTree = "<group>"; };
/* End PBXFileReference section */

/* Begin PBXFrameworksBuildPhase section */
		5E8170F71BE5F93C0089B32C /* Frameworks */ = {
			isa = PBXFrameworksBuildPhase;
			buildActionMask = 2147483647;
			files = (
			);
			runOnlyForDeploymentPostprocessing = 0;
		};
		5E8171101BE5F93C0089B32C /* Frameworks */ = {
			isa = PBXFrameworksBuildPhase;
			buildActionMask = 2147483647;
			files = (
			);
			runOnlyForDeploymentPostprocessing = 0;
		};
		5E81711B1BE5F93C0089B32C /* Frameworks */ = {
			isa = PBXFrameworksBuildPhase;
			buildActionMask = 2147483647;
			files = (
			);
			runOnlyForDeploymentPostprocessing = 0;
		};
/* End PBXFrameworksBuildPhase section */

/* Begin PBXGroup section */
		5E66B7281BEE035100690EE0 /* Model */ = {
			isa = PBXGroup;
			children = (
				5E66B72C1BEE180700690EE0 /* Card.h */,
				5E66B72A1BEE046300690EE0 /* Card.m */,
				5E66B72D1BEE1C3F00690EE0 /* Deck.h */,
				5E66B72E1BEE1D4000690EE0 /* Deck.m */,
				5E66B7361BEE621400690EE0 /* PlayingCard.h */,
				5E66B7371BEE626100690EE0 /* PlayingCard.m */,
				5E66B7331BEE559F00690EE0 /* PlayingCardDeck.h */,
				5E66B7341BEE55CB00690EE0 /* PlayingCardDeck.m */,
				5E66B77B1BEEECB400690EE0 /* CardMatchingGame.h */,
				5E66B7791BEEEC7E00690EE0 /* CardMatchingGame.m */,
			);
			name = Model;
			sourceTree = "<group>";
		};
		5E8170F11BE5F93C0089B32C = {
			isa = PBXGroup;
			children = (
				5E66367A21B8DFA000966ADD /* Default-568h@2x.png */,
				5E8170FC1BE5F93C0089B32C /* WorkingMemoryTestApp */,
				5E8171161BE5F93C0089B32C /* WorkingMemoryTestAppTests */,
				5E8171211BE5F93C0089B32C /* WorkingMemoryTestAppUITests */,
				5E8170FB1BE5F93C0089B32C /* Products */,
			);
			sourceTree = "<group>";
		};
		5E8170FB1BE5F93C0089B32C /* Products */ = {
			isa = PBXGroup;
			children = (
				5E8170FA1BE5F93C0089B32C /* WorkingMemoryTestApp.app */,
				5E8171131BE5F93C0089B32C /* WorkingMemoryTestAppTests.xctest */,
				5E81711E1BE5F93C0089B32C /* WorkingMemoryTestAppUITests.xctest */,
			);
			name = Products;
			sourceTree = "<group>";
		};
		5E8170FC1BE5F93C0089B32C /* WorkingMemoryTestApp */ = {
			isa = PBXGroup;
			children = (
				5E66B7281BEE035100690EE0 /* Model */,
				5E8171031BE5F93C0089B32C /* ViewController.h */,
				5E8171041BE5F93C0089B32C /* ViewController.m */,
				5E8171061BE5F93C0089B32C /* Main.storyboard */,
				5E8171091BE5F93C0089B32C /* Assets.xcassets */,
				5E81710B1BE5F93C0089B32C /* LaunchScreen.storyboard */,
				5E81710E1BE5F93C0089B32C /* Info.plist */,
				5E8170FD1BE5F93C0089B32C /* Supporting Files */,
			);
			path = WorkingMemoryTestApp;
			sourceTree = "<group>";
		};
		5E8170FD1BE5F93C0089B32C /* Supporting Files */ = {
			isa = PBXGroup;
			children = (
				5E8171001BE5F93C0089B32C /* AppDelegate.h */,
				5E8170FE1BE5F93C0089B32C /* main.m */,
				5E8171011BE5F93C0089B32C /* AppDelegate.m */,
			);
			name = "Supporting Files";
			sourceTree = "<group>";
		};
		5E8171161BE5F93C0089B32C /* WorkingMemoryTestAppTests */ = {
			isa = PBXGroup;
			children = (
				5E8171171BE5F93C0089B32C /* WorkingMemoryTestAppTests.m */,
				5E8171191BE5F93C0089B32C /* Info.plist */,
			);
			path = WorkingMemoryTestAppTests;
			sourceTree = "<group>";
		};
		5E8171211BE5F93C0089B32C /* WorkingMemoryTestAppUITests */ = {
			isa = PBXGroup;
			children = (
				5E8171221BE5F93C0089B32C /* MemoryUITests.m */,
				5E8171241BE5F93C0089B32C /* Info.plist */,
			);
			path = WorkingMemoryTestAppUITests;
			sourceTree = "<group>";
		};
/* End PBXGroup section */

/* Begin PBXNativeTarget section */
		5E8170F91BE5F93C0089B32C /* WorkingMemoryTestApp */ = {
			isa = PBXNativeTarget;
			buildConfigurationList = 5E8171271BE5F93C0089B32C /* Build configuration list for PBXNativeTarget "WorkingMemoryTestApp" */;
			buildPhases = (
				5E8170F61BE5F93C0089B32C /* Sources */,
				5E8170F71BE5F93C0089B32C /* Frameworks */,
				5E8170F81BE5F93C0089B32C /* Resources */,
			);
			buildRules = (
			);
			dependencies = (
			);
			name = WorkingMemoryTestApp;
			productName = Machismo;
			productReference = 5E8170FA1BE5F93C0089B32C /* WorkingMemoryTestApp.app */;
			productType = "com.apple.product-type.application";
		};
		5E8171121BE5F93C0089B32C /* WorkingMemoryTestAppTests */ = {
			isa = PBXNativeTarget;
			buildConfigurationList = 5E81712A1BE5F93C0089B32C /* Build configuration list for PBXNativeTarget "WorkingMemoryTestAppTests" */;
			buildPhases = (
				5E81710F1BE5F93C0089B32C /* Sources */,
				5E8171101BE5F93C0089B32C /* Frameworks */,
				5E8171111BE5F93C0089B32C /* Resources */,
			);
			buildRules = (
			);
			dependencies = (
				5E8171151BE5F93C0089B32C /* PBXTargetDependency */,
			);
			name = WorkingMemoryTestAppTests;
			productName = MachismoTests;
			productReference = 5E8171131BE5F93C0089B32C /* WorkingMemoryTestAppTests.xctest */;
			productType = "com.apple.product-type.bundle.unit-test";
		};
		5E81711D1BE5F93C0089B32C /* WorkingMemoryTestAppUITests */ = {
			isa = PBXNativeTarget;
			buildConfigurationList = 5E81712D1BE5F93C0089B32C /* Build configuration list for PBXNativeTarget "WorkingMemoryTestAppUITests" */;
			buildPhases = (
				5E81711A1BE5F93C0089B32C /* Sources */,
				5E81711B1BE5F93C0089B32C /* Frameworks */,
				5E81711C1BE5F93C0089B32C /* Resources */,
			);
			buildRules = (
			);
			dependencies = (
				5E8171201BE5F93C0089B32C /* PBXTargetDependency */,
			);
			name = WorkingMemoryTestAppUITests;
			productName = MachismoUITests;
			productReference = 5E81711E1BE5F93C0089B32C /* WorkingMemoryTestAppUITests.xctest */;
			productType = "com.apple.product-type.bundle.ui-testing";
		};
/* End PBXNativeTarget section */

/* Begin PBXProject section */
		5E8170F21BE5F93C0089B32C /* Project object */ = {
			isa = PBXProject;
			attributes = {
				LastUpgradeCheck = 1010;
				ORGANIZATIONNAME = "晶琦 张";
				TargetAttributes = {
					5E8170F91BE5F93C0089B32C = {
						CreatedOnToolsVersion = 7.1;
					};
					5E8171121BE5F93C0089B32C = {
						CreatedOnToolsVersion = 7.1;
						TestTargetID = 5E8170F91BE5F93C0089B32C;
					};
					5E81711D1BE5F93C0089B32C = {
						CreatedOnToolsVersion = 7.1;
						TestTargetID = 5E8170F91BE5F93C0089B32C;
					};
				};
			};
			buildConfigurationList = 5E8170F51BE5F93C0089B32C /* Build configuration list for PBXProject "WorkingMemoryTestApp" */;
			compatibilityVersion = "Xcode 3.2";
			developmentRegion = English;
			hasScannedForEncodings = 0;
			knownRegions = (
				en,
				Base,
			);
			mainGroup = 5E8170F11BE5F93C0089B32C;
			productRefGroup = 5E8170FB1BE5F93C0089B32C /* Products */;
			projectDirPath = "";
			projectRoot = "";
			targets = (
				5E8170F91BE5F93C0089B32C /* WorkingMemoryTestApp */,
				5E8171121BE5F93C0089B32C /* WorkingMemoryTestAppTests */,
				5E81711D1BE5F93C0089B32C /* WorkingMemoryTestAppUITests */,
			);
		};
/* End PBXProject section */

/* Begin PBXResourcesBuildPhase section */
		5E8170F81BE5F93C0089B32C /* Resources */ = {
			isa = PBXResourcesBuildPhase;
			buildActionMask = 2147483647;
			files = (
				5E81710D1BE5F93C0089B32C /* LaunchScreen.storyboard in Resources */,
				5E66367B21B8DFA100966ADD /* Default-568h@2x.png in Resources */,
				5E81710A1BE5F93C0089B32C /* Assets.xcassets in Resources */,
				5E8171081BE5F93C0089B32C /* Main.storyboard in Resources */,
			);
			runOnlyForDeploymentPostprocessing = 0;
		};
		5E8171111BE5F93C0089B32C /* Resources */ = {
			isa = PBXResourcesBuildPhase;
			buildActionMask = 2147483647;
			files = (
			);
			runOnlyForDeploymentPostprocessing = 0;
		};
		5E81711C1BE5F93C0089B32C /* Resources */ = {
			isa = PBXResourcesBuildPhase;
			buildActionMask = 2147483647;
			files = (
			);
			runOnlyForDeploymentPostprocessing = 0;
		};
/* End PBXResourcesBuildPhase section */

/* Begin PBXSourcesBuildPhase section */
		5E8170F61BE5F93C0089B32C /* Sources */ = {
			isa = PBXSourcesBuildPhase;
			buildActionMask = 2147483647;
			files = (
				5E66B72F1BEE1D4000690EE0 /* Deck.m in Sources */,
				5E8171051BE5F93C0089B32C /* ViewController.m in Sources */,
				5E66B7381BEE626100690EE0 /* PlayingCard.m in Sources */,
				5E8171021BE5F93C0089B32C /* AppDelegate.m in Sources */,
				5E66B7351BEE55CB00690EE0 /* PlayingCardDeck.m in Sources */,
				5E8170FF1BE5F93C0089B32C /* main.m in Sources */,
				5E66B72B1BEE046300690EE0 /* Card.m in Sources */,
				5E66B77A1BEEEC7E00690EE0 /* CardMatchingGame.m in Sources */,
			);
			runOnlyForDeploymentPostprocessing = 0;
		};
		5E81710F1BE5F93C0089B32C /* Sources */ = {
			isa = PBXSourcesBuildPhase;
			buildActionMask = 2147483647;
			files = (
				5E8171181BE5F93C0089B32C /* WorkingMemoryTestAppTests.m in Sources */,
			);
			runOnlyForDeploymentPostprocessing = 0;
		};
		5E81711A1BE5F93C0089B32C /* Sources */ = {
			isa = PBXSourcesBuildPhase;
			buildActionMask = 2147483647;
			files = (
				5E8171231BE5F93C0089B32C /* MemoryUITests.m in Sources */,
			);
			runOnlyForDeploymentPostprocessing = 0;
		};
/* End PBXSourcesBuildPhase section */

/* Begin PBXTargetDependency section */
		5E8171151BE5F93C0089B32C /* PBXTargetDependency */ = {
			isa = PBXTargetDependency;
			target = 5E8170F91BE5F93C0089B32C /* WorkingMemoryTestApp */;
			targetProxy = 5E8171141BE5F93C0089B32C /* PBXContainerItemProxy */;
		};
		5E8171201BE5F93C0089B32C /* PBXTargetDependency */ = {
			isa = PBXTargetDependency;
			target = 5E8170F91BE5F93C0089B32C /* WorkingMemoryTestApp */;
			targetProxy = 5E81711F1BE5F93C0089B32C /* PBXContainerItemProxy */;
		};
/* End PBXTargetDependency section */

/* Begin PBXVariantGroup section */
		5E8171061BE5F93C0089B32C /* Main.storyboard */ = {
			isa = PBXVariantGroup;
			children = (
				5E8171071BE5F93C0089B32C /* Base */,
			);
			name = Main.storyboard;
			sourceTree = "<group>";
		};
		5E81710B1BE5F93C0089B32C /* LaunchScreen.storyboard */ = {
			isa = PBXVariantGroup;
			children = (
				5E81710C1BE5F93C0089B32C /* Base */,
			);
			name = LaunchScreen.storyboard;
			sourceTree = "<group>";
		};
/* End PBXVariantGroup section */

/* Begin XCBuildConfiguration section */
		5E8171251BE5F93C0089B32C /* Debug */ = {
			isa = XCBuildConfiguration;
			buildSettings = {
				ALWAYS_SEARCH_USER_PATHS = NO;
				CLANG_CXX_LANGUAGE_STANDARD = "gnu++0x";
				CLANG_CXX_LIBRARY = "libc++";
				CLANG_ENABLE_MODULES = YES;
				CLANG_ENABLE_OBJC_ARC = YES;
				CLANG_WARN_BLOCK_CAPTURE_AUTORELEASING = YES;
				CLANG_WARN_BOOL_CONVERSION = YES;
				CLANG_WARN_COMMA = YES;
				CLANG_WARN_CONSTANT_CONVERSION = YES;
				CLANG_WARN_DEPRECATED_OBJC_IMPLEMENTATIONS = YES;
				CLANG_WARN_DIRECT_OBJC_ISA_USAGE = YES_ERROR;
				CLANG_WARN_EMPTY_BODY = YES;
				CLANG_WARN_ENUM_CONVERSION = YES;
				CLANG_WARN_INFINITE_RECURSION = YES;
				CLANG_WARN_INT_CONVERSION = YES;
				CLANG_WARN_NON_LITERAL_NULL_CONVERSION = YES;
				CLANG_WARN_OBJC_IMPLICIT_RETAIN_SELF = YES;
				CLANG_WARN_OBJC_LITERAL_CONVERSION = YES;
				CLANG_WARN_OBJC_ROOT_CLASS = YES_ERROR;
				CLANG_WARN_RANGE_LOOP_ANALYSIS = YES;
				CLANG_WARN_STRICT_PROTOTYPES = YES;
				CLANG_WARN_SUSPICIOUS_MOVE = YES;
				CLANG_WARN_UNREACHABLE_CODE = YES;
				CLANG_WARN__DUPLICATE_METHOD_MATCH = YES;
				"CODE_SIGN_IDENTITY[sdk=iphoneos*]" = "iPhone Developer";
				COPY_PHASE_STRIP = NO;
				DEBUG_INFORMATION_FORMAT = dwarf;
				ENABLE_STRICT_OBJC_MSGSEND = YES;
				ENABLE_TESTABILITY = YES;
				GCC_C_LANGUAGE_STANDARD = gnu99;
				GCC_DYNAMIC_NO_PIC = NO;
				GCC_NO_COMMON_BLOCKS = YES;
				GCC_OPTIMIZATION_LEVEL = 0;
				GCC_PREPROCESSOR_DEFINITIONS = (
					"DEBUG=1",
					"$(inherited)",
				);
				GCC_WARN_64_TO_32_BIT_CONVERSION = YES;
				GCC_WARN_ABOUT_RETURN_TYPE = YES_ERROR;
				GCC_WARN_UNDECLARED_SELECTOR = YES;
				GCC_WARN_UNINITIALIZED_AUTOS = YES_AGGRESSIVE;
				GCC_WARN_UNUSED_FUNCTION = YES;
				GCC_WARN_UNUSED_VARIABLE = YES;
				IPHONEOS_DEPLOYMENT_TARGET = 9.1;
				MTL_ENABLE_DEBUG_INFO = YES;
				ONLY_ACTIVE_ARCH = YES;
				SDKROOT = iphoneos;
				TARGETED_DEVICE_FAMILY = "1,2";
			};
			name = Debug;
		};
		5E8171261BE5F93C0089B32C /* Release */ = {
			isa = XCBuildConfiguration;
			buildSettings = {
				ALWAYS_SEARCH_USER_PATHS = NO;
				CLANG_CXX_LANGUAGE_STANDARD = "gnu++0x";
				CLANG_CXX_LIBRARY = "libc++";
				CLANG_ENABLE_MODULES = YES;
				CLANG_ENABLE_OBJC_ARC = YES;
				CLANG_WARN_BLOCK_CAPTURE_AUTORELEASING = YES;
				CLANG_WARN_BOOL_CONVERSION = YES;
				CLANG_WARN_COMMA = YES;
				CLANG_WARN_CONSTANT_CONVERSION = YES;
				CLANG_WARN_DEPRECATED_OBJC_IMPLEMENTATIONS = YES;
				CLANG_WARN_DIRECT_OBJC_ISA_USAGE = YES_ERROR;
				CLANG_WARN_EMPTY_BODY = YES;
				CLANG_WARN_ENUM_CONVERSION = YES;
				CLANG_WARN_INFINITE_RECURSION = YES;
				CLANG_WARN_INT_CONVERSION = YES;
				CLANG_WARN_NON_LITERAL_NULL_CONVERSION = YES;
				CLANG_WARN_OBJC_IMPLICIT_RETAIN_SELF = YES;
				CLANG_WARN_OBJC_LITERAL_CONVERSION = YES;
				CLANG_WARN_OBJC_ROOT_CLASS = YES_ERROR;
				CLANG_WARN_RANGE_LOOP_ANALYSIS = YES;
				CLANG_WARN_STRICT_PROTOTYPES = YES;
				CLANG_WARN_SUSPICIOUS_MOVE = YES;
				CLANG_WARN_UNREACHABLE_CODE = YES;
				CLANG_WARN__DUPLICATE_METHOD_MATCH = YES;
				"CODE_SIGN_IDENTITY[sdk=iphoneos*]" = "iPhone Developer";
				COPY_PHASE_STRIP = NO;
				DEBUG_INFORMATION_FORMAT = "dwarf-with-dsym";
				ENABLE_NS_ASSERTIONS = NO;
				ENABLE_STRICT_OBJC_MSGSEND = YES;
				GCC_C_LANGUAGE_STANDARD = gnu99;
				GCC_NO_COMMON_BLOCKS = YES;
				GCC_WARN_64_TO_32_BIT_CONVERSION = YES;
				GCC_WARN_ABOUT_RETURN_TYPE = YES_ERROR;
				GCC_WARN_UNDECLARED_SELECTOR = YES;
				GCC_WARN_UNINITIALIZED_AUTOS = YES_AGGRESSIVE;
				GCC_WARN_UNUSED_FUNCTION = YES;
				GCC_WARN_UNUSED_VARIABLE = YES;
				IPHONEOS_DEPLOYMENT_TARGET = 9.1;
				MTL_ENABLE_DEBUG_INFO = NO;
				SDKROOT = iphoneos;
				TARGETED_DEVICE_FAMILY = "1,2";
				VALIDATE_PRODUCT = YES;
			};
			name = Release;
		};
		5E8171281BE5F93C0089B32C /* Debug */ = {
			isa = XCBuildConfiguration;
			buildSettings = {
				ASSETCATALOG_COMPILER_APPICON_NAME = AppIcon;
				CODE_SIGN_IDENTITY = "iPhone Developer";
				INFOPLIST_FILE = WorkingMemoryTestApp/Info.plist;
				IPHONEOS_DEPLOYMENT_TARGET = 8.0;
				LD_RUNPATH_SEARCH_PATHS = "$(inherited) @executable_path/Frameworks";
				PRODUCT_BUNDLE_IDENTIFIER = Isabella.MemoryTest;
				PRODUCT_NAME = "$(TARGET_NAME)";
				TARGETED_DEVICE_FAMILY = 1;
			};
			name = Debug;
		};
		5E8171291BE5F93C0089B32C /* Release */ = {
			isa = XCBuildConfiguration;
			buildSettings = {
				ASSETCATALOG_COMPILER_APPICON_NAME = AppIcon;
				CODE_SIGN_IDENTITY = "iPhone Developer";
				INFOPLIST_FILE = WorkingMemoryTestApp/Info.plist;
				IPHONEOS_DEPLOYMENT_TARGET = 8.0;
				LD_RUNPATH_SEARCH_PATHS = "$(inherited) @executable_path/Frameworks";
				PRODUCT_BUNDLE_IDENTIFIER = Isabella.MemoryTest;
				PRODUCT_NAME = "$(TARGET_NAME)";
				TARGETED_DEVICE_FAMILY = 1;
			};
			name = Release;
		};
		5E81712B1BE5F93C0089B32C /* Debug */ = {
			isa = XCBuildConfiguration;
			buildSettings = {
				BUNDLE_LOADER = "$(TEST_HOST)";
				INFOPLIST_FILE = WorkingMemoryTestAppTests/Info.plist;
				LD_RUNPATH_SEARCH_PATHS = "$(inherited) @executable_path/Frameworks @loader_path/Frameworks";
				PRODUCT_BUNDLE_IDENTIFIER = Isabella.MemoryTests;
				PRODUCT_NAME = "$(TARGET_NAME)";
				TEST_HOST = "$(BUILT_PRODUCTS_DIR)/WorkingMemoryTestApp.app/WorkingMemoryTestApp";
			};
			name = Debug;
		};
		5E81712C1BE5F93C0089B32C /* Release */ = {
			isa = XCBuildConfiguration;
			buildSettings = {
				BUNDLE_LOADER = "$(TEST_HOST)";
				INFOPLIST_FILE = WorkingMemoryTestAppTests/Info.plist;
				LD_RUNPATH_SEARCH_PATHS = "$(inherited) @executable_path/Frameworks @loader_path/Frameworks";
				PRODUCT_BUNDLE_IDENTIFIER = Isabella.MemoryTests;
				PRODUCT_NAME = "$(TARGET_NAME)";
				TEST_HOST = "$(BUILT_PRODUCTS_DIR)/WorkingMemoryTestApp.app/WorkingMemoryTestApp";
			};
			name = Release;
		};
		5E81712E1BE5F93C0089B32C /* Debug */ = {
			isa = XCBuildConfiguration;
			buildSettings = {
				INFOPLIST_FILE = WorkingMemoryTestAppUITests/Info.plist;
				LD_RUNPATH_SEARCH_PATHS = "$(inherited) @executable_path/Frameworks @loader_path/Frameworks";
				PRODUCT_BUNDLE_IDENTIFIER = Isabella.MemoryUITests;
				PRODUCT_NAME = "$(TARGET_NAME)";
				TEST_TARGET_NAME = WorkingMemoryTestApp;
				USES_XCTRUNNER = YES;
			};
			name = Debug;
		};
		5E81712F1BE5F93C0089B32C /* Release */ = {
			isa = XCBuildConfiguration;
			buildSettings = {
				INFOPLIST_FILE = WorkingMemoryTestAppUITests/Info.plist;
				LD_RUNPATH_SEARCH_PATHS = "$(inherited) @executable_path/Frameworks @loader_path/Frameworks";
				PRODUCT_BUNDLE_IDENTIFIER = Isabella.MemoryUITests;
				PRODUCT_NAME = "$(TARGET_NAME)";
				TEST_TARGET_NAME = WorkingMemoryTestApp;
				USES_XCTRUNNER = YES;
			};
			name = Release;
		};
/* End XCBuildConfiguration section */

/* Begin XCConfigurationList section */
		5E8170F51BE5F93C0089B32C /* Build configuration list for PBXProject "WorkingMemoryTestApp" */ = {
			isa = XCConfigurationList;
			buildConfigurations = (
				5E8171251BE5F93C0089B32C /* Debug */,
				5E8171261BE5F93C0089B32C /* Release */,
			);
			defaultConfigurationIsVisible = 0;
			defaultConfigurationName = Release;
		};
		5E8171271BE5F93C0089B32C /* Build configuration list for PBXNativeTarget "WorkingMemoryTestApp" */ = {
			isa = XCConfigurationList;
			buildConfigurations = (
				5E8171281BE5F93C0089B32C /* Debug */,
				5E8171291BE5F93C0089B32C /* Release */,
			);
			defaultConfigurationIsVisible = 0;
			defaultConfigurationName = Release;
		};
		5E81712A1BE5F93C0089B32C /* Build configuration list for PBXNativeTarget "WorkingMemoryTestAppTests" */ = {
			isa = XCConfigurationList;
			buildConfigurations = (
				5E81712B1BE5F93C0089B32C /* Debug */,
				5E81712C1BE5F93C0089B32C /* Release */,
			);
			defaultConfigurationIsVisible = 0;
			defaultConfigurationName = Release;
		};
		5E81712D1BE5F93C0089B32C /* Build configuration list for PBXNativeTarget "WorkingMemoryTestAppUITests" */ = {
			isa = XCConfigurationList;
			buildConfigurations = (
				5E81712E1BE5F93C0089B32C /* Debug */,
				5E81712F1BE5F93C0089B32C /* Release */,
			);
			defaultConfigurationIsVisible = 0;
			defaultConfigurationName = Release;
		};
/* End XCConfigurationList section */
	};
	rootObject = 5E8170F21BE5F93C0089B32C /* Project object */;
}
